
Microsoft Visual Studio Solution File, Format Version 12.00
# Visual Studio Version 16
VisualStudioVersion = 16.0.31911.196
MinimumVisualStudioVersion = 10.0.40219.1
Project("{9A19103F-16F7-4668-BE54-9A1E7A4F7556}") = "Shopping.Client", "Shopping.Client\Shopping.Client.csproj", "{A2765000-2B7B-411A-9B03-F358CED498A4}"
EndProject
Project("{FAE04EC0-301F-11D3-BF4B-00C04F79EFBC}") = "Shopping.API", "Shopping.API\Shopping.API.csproj", "{28AC3855-66D0-48D3-B5C3-38A56E547B6E}"
EndProject
Global
	GlobalSection(SolutionConfigurationPlatforms) = preSolution
		Debug|Any CPU = Debug|Any CPU
		Release|Any CPU = Release|Any CPU
	EndGlobalSection
	GlobalSection(ProjectConfigurationPlatforms) = postSolution
		{A2765000-2B7B-411A-9B03-F358CED498A4}.Debug|Any CPU.ActiveCfg = Debug|Any CPU
		{A2765000-2B7B-411A-9B03-F358CED498A4}.Debug|Any CPU.Build.0 = Debug|Any CPU
		{A2765000-2B7B-411A-9B03-F358CED498A4}.Release|Any CPU.ActiveCfg = Release|Any CPU
		{A2765000-2B7B-411A-9B03-F358CED498A4}.Release|Any CPU.Build.0 = Release|Any CPU
		{28AC3855-66D0-48D3-B5C3-38A56E547B6E}.Debug|Any CPU.ActiveCfg = Debug|Any CPU
		{28AC3855-66D0-48D3-B5C3-38A56E547B6E}.Debug|Any CPU.Build.0 = Debug|Any CPU
		{28AC3855-66D0-48D3-B5C3-38A56E547B6E}.Release|Any CPU.ActiveCfg = Release|Any CPU
		{28AC3855-66D0-48D3-B5C3-38A56E547B6E}.Release|Any CPU.Build.0 = Release|Any CPU
	EndGlobalSection
	GlobalSection(SolutionProperties) = preSolution
		HideSolutionNode = FALSE
	EndGlobalSection
	GlobalSection(ExtensibilityGlobals) = postSolution
		SolutionGuid = {AA1677EA-19FB-404B-9DD4-26E2FA9DB950}
	EndGlobalSection
EndGlobal
